
Microsoft Visual Studio Solution File, Format Version 12.00
# Visual Studio 15
VisualStudioVersion = 15.0.27004.2006
MinimumVisualStudioVersion = 10.0.40219.1
Project("{FAE04EC0-301F-11D3-BF4B-00C04F79EFBC}") = "WinForms", "HitchhikerGuide\WinForms.csproj", "{86070F53-ED18-4756-834B-9BE85CE7487D}"
EndProject
Project("{FAE04EC0-301F-11D3-BF4B-00C04F79EFBC}") = "Lib", "HitchhikerGuideLib\Lib.csproj", "{1101DE35-3378-44A6-AFCA-107A4152684D}"
EndProject
Project("{FAE04EC0-301F-11D3-BF4B-00C04F79EFBC}") = "Data.Abstractions", "Data.Abstractions\Data.Abstractions.csproj", "{E002E680-2E7E-4926-9E3B-27686F191183}"
EndProject
Project("{FAE04EC0-301F-11D3-BF4B-00C04F79EFBC}") = "Data.IsolatedStorage", "Data.IsolatedStorage\Data.IsolatedStorage.csproj", "{D12EA0C4-D2F3-4996-9839-A76418C9947A}"
EndProject
Project("{FAE04EC0-301F-11D3-BF4B-00C04F79EFBC}") = "Lib.Tests", "Lib.Tests\Lib.Tests.csproj", "{A34C0B7D-C22D-4842-8281-54C838CF38AF}"
EndProject
Project("{FAE04EC0-301F-11D3-BF4B-00C04F79EFBC}") = "Data.IsolatedStorage.Tests", "Data.IsolatedStorage.Tests\Data.IsolatedStorage.Tests.csproj", "{FEB3321A-5F24-4209-BEC8-34859177E04D}"
EndProject
Project("{FAE04EC0-301F-11D3-BF4B-00C04F79EFBC}") = "PublisherService", "PublisherService\PublisherService.csproj", "{68C5565F-E433-4808-B4DA-6835378A2810}"
EndProject
Project("{FAE04EC0-301F-11D3-BF4B-00C04F79EFBC}") = "Data.PublisherClient", "Data.PublisherClient\Data.PublisherClient.csproj", "{A7F7FE04-BD0F-40C8-B3DB-92FA3E80764C}"
EndProject
Global
	GlobalSection(SolutionConfigurationPlatforms) = preSolution
		Debug|Any CPU = Debug|Any CPU
		Release|Any CPU = Release|Any CPU
	EndGlobalSection
	GlobalSection(ProjectConfigurationPlatforms) = postSolution
		{86070F53-ED18-4756-834B-9BE85CE7487D}.Debug|Any CPU.ActiveCfg = Debug|Any CPU
		{86070F53-ED18-4756-834B-9BE85CE7487D}.Debug|Any CPU.Build.0 = Debug|Any CPU
		{86070F53-ED18-4756-834B-9BE85CE7487D}.Release|Any CPU.ActiveCfg = Release|Any CPU
		{86070F53-ED18-4756-834B-9BE85CE7487D}.Release|Any CPU.Build.0 = Release|Any CPU
		{1101DE35-3378-44A6-AFCA-107A4152684D}.Debug|Any CPU.ActiveCfg = Debug|Any CPU
		{1101DE35-3378-44A6-AFCA-107A4152684D}.Debug|Any CPU.Build.0 = Debug|Any CPU
		{1101DE35-3378-44A6-AFCA-107A4152684D}.Release|Any CPU.ActiveCfg = Release|Any CPU
		{1101DE35-3378-44A6-AFCA-107A4152684D}.Release|Any CPU.Build.0 = Release|Any CPU
		{E002E680-2E7E-4926-9E3B-27686F191183}.Debug|Any CPU.ActiveCfg = Debug|Any CPU
		{E002E680-2E7E-4926-9E3B-27686F191183}.Debug|Any CPU.Build.0 = Debug|Any CPU
		{E002E680-2E7E-4926-9E3B-27686F191183}.Release|Any CPU.ActiveCfg = Release|Any CPU
		{E002E680-2E7E-4926-9E3B-27686F191183}.Release|Any CPU.Build.0 = Release|Any CPU
		{D12EA0C4-D2F3-4996-9839-A76418C9947A}.Debug|Any CPU.ActiveCfg = Debug|Any CPU
		{D12EA0C4-D2F3-4996-9839-A76418C9947A}.Debug|Any CPU.Build.0 = Debug|Any CPU
		{D12EA0C4-D2F3-4996-9839-A76418C9947A}.Release|Any CPU.ActiveCfg = Release|Any CPU
		{D12EA0C4-D2F3-4996-9839-A76418C9947A}.Release|Any CPU.Build.0 = Release|Any CPU
		{A34C0B7D-C22D-4842-8281-54C838CF38AF}.Debug|Any CPU.ActiveCfg = Debug|Any CPU
		{A34C0B7D-C22D-4842-8281-54C838CF38AF}.Debug|Any CPU.Build.0 = Debug|Any CPU
		{A34C0B7D-C22D-4842-8281-54C838CF38AF}.Release|Any CPU.ActiveCfg = Release|Any CPU
		{A34C0B7D-C22D-4842-8281-54C838CF38AF}.Release|Any CPU.Build.0 = Release|Any CPU
		{FEB3321A-5F24-4209-BEC8-34859177E04D}.Debug|Any CPU.ActiveCfg = Debug|Any CPU
		{FEB3321A-5F24-4209-BEC8-34859177E04D}.Debug|Any CPU.Build.0 = Debug|Any CPU
		{FEB3321A-5F24-4209-BEC8-34859177E04D}.Release|Any CPU.ActiveCfg = Release|Any CPU
		{FEB3321A-5F24-4209-BEC8-34859177E04D}.Release|Any CPU.Build.0 = Release|Any CPU
		{68C5565F-E433-4808-B4DA-6835378A2810}.Debug|Any CPU.ActiveCfg = Debug|Any CPU
		{68C5565F-E433-4808-B4DA-6835378A2810}.Debug|Any CPU.Build.0 = Debug|Any CPU
		{68C5565F-E433-4808-B4DA-6835378A2810}.Release|Any CPU.ActiveCfg = Release|Any CPU
		{68C5565F-E433-4808-B4DA-6835378A2810}.Release|Any CPU.Build.0 = Release|Any CPU
		{A7F7FE04-BD0F-40C8-B3DB-92FA3E80764C}.Debug|Any CPU.ActiveCfg = Debug|Any CPU
		{A7F7FE04-BD0F-40C8-B3DB-92FA3E80764C}.Debug|Any CPU.Build.0 = Debug|Any CPU
		{A7F7FE04-BD0F-40C8-B3DB-92FA3E80764C}.Release|Any CPU.ActiveCfg = Release|Any CPU
		{A7F7FE04-BD0F-40C8-B3DB-92FA3E80764C}.Release|Any CPU.Build.0 = Release|Any CPU
	EndGlobalSection
	GlobalSection(SolutionProperties) = preSolution
		HideSolutionNode = FALSE
	EndGlobalSection
	GlobalSection(ExtensibilityGlobals) = postSolution
		SolutionGuid = {CD264FD0-9212-4119-88D4-8712C443AE27}
	EndGlobalSection
EndGlobal
